
Microsoft Visual Studio Solution File, Format Version 10.00
# Visual Studio 2008
Project("{8BC9CEB8-8B4A-11D0-8D11-00A0C91BC942}") = "seh", "seh\seh.vcproj", "{F0A9BC14-0FF2-4D76-92B0-473F72777F9B}"
EndProject
Global
	GlobalSection(SolutionConfigurationPlatforms) = preSolution
		Debug|Win32 = Debug|Win32
		Release|Win32 = Release|Win32
	EndGlobalSection
	GlobalSection(ProjectConfigurationPlatforms) = postSolution
		{F0A9BC14-0FF2-4D76-92B0-473F72777F9B}.Debug|Win32.ActiveCfg = Debug|Win32
		{F0A9BC14-0FF2-4D76-92B0-473F72777F9B}.Debug|Win32.Build.0 = Debug|Win32
		{F0A9BC14-0FF2-4D76-92B0-473F72777F9B}.Release|Win32.ActiveCfg = Release|Win32
		{F0A9BC14-0FF2-4D76-92B0-473F72777F9B}.Release|Win32.Build.0 = Release|Win32
	EndGlobalSection
	GlobalSection(SolutionProperties) = preSolution
		HideSolutionNode = FALSE
	EndGlobalSection
EndGlobal
