
Microsoft Visual Studio Solution File, Format Version 12.00
# Visual Studio 2012
Project("{8BC9CEB8-8B4A-11D0-8D11-00A0C91BC942}") = "myssl", "myssl\myssl.vcxproj", "{1C2521F7-0CD3-484B-8145-D9B13B3830EF}"
EndProject
Global
	GlobalSection(SolutionConfigurationPlatforms) = preSolution
		Debug|Win32 = Debug|Win32
		Release|Win32 = Release|Win32
	EndGlobalSection
	GlobalSection(ProjectConfigurationPlatforms) = postSolution
		{1C2521F7-0CD3-484B-8145-D9B13B3830EF}.Debug|Win32.ActiveCfg = Debug|Win32
		{1C2521F7-0CD3-484B-8145-D9B13B3830EF}.Debug|Win32.Build.0 = Debug|Win32
		{1C2521F7-0CD3-484B-8145-D9B13B3830EF}.Release|Win32.ActiveCfg = Release|Win32
		{1C2521F7-0CD3-484B-8145-D9B13B3830EF}.Release|Win32.Build.0 = Release|Win32
	EndGlobalSection
	GlobalSection(SolutionProperties) = preSolution
		HideSolutionNode = FALSE
	EndGlobalSection
EndGlobal
